
Microsoft Visual Studio Solution File, Format Version 12.00
# Visual Studio Version 17
VisualStudioVersion = 17.14.36408.4 d17.14
MinimumVisualStudioVersion = 10.0.40219.1
Project("{FAE04EC0-301F-11D3-BF4B-00C04F79EFBC}") = "01.Songs", "01.Songs\01.Songs.csproj", "{3B78C4D1-E675-48BD-A317-8673436DEB68}"
EndProject
Project("{FAE04EC0-301F-11D3-BF4B-00C04F79EFBC}") = "02.Students", "02.Students\02.Students.csproj", "{A597CBCF-768E-4204-BD66-17FA0FEB5CF5}"
EndProject
Project("{FAE04EC0-301F-11D3-BF4B-00C04F79EFBC}") = "03.Store-Boxes", "03.Store-Boxes\03.Store-Boxes.csproj", "{B719171D-AD8F-41A1-90D7-5E6013DBE685}"
EndProject
Global
	GlobalSection(SolutionConfigurationPlatforms) = preSolution
		Debug|Any CPU = Debug|Any CPU
		Release|Any CPU = Release|Any CPU
	EndGlobalSection
	GlobalSection(ProjectConfigurationPlatforms) = postSolution
		{3B78C4D1-E675-48BD-A317-8673436DEB68}.Debug|Any CPU.ActiveCfg = Debug|Any CPU
		{3B78C4D1-E675-48BD-A317-8673436DEB68}.Debug|Any CPU.Build.0 = Debug|Any CPU
		{3B78C4D1-E675-48BD-A317-8673436DEB68}.Release|Any CPU.ActiveCfg = Release|Any CPU
		{3B78C4D1-E675-48BD-A317-8673436DEB68}.Release|Any CPU.Build.0 = Release|Any CPU
		{A597CBCF-768E-4204-BD66-17FA0FEB5CF5}.Debug|Any CPU.ActiveCfg = Debug|Any CPU
		{A597CBCF-768E-4204-BD66-17FA0FEB5CF5}.Debug|Any CPU.Build.0 = Debug|Any CPU
		{A597CBCF-768E-4204-BD66-17FA0FEB5CF5}.Release|Any CPU.ActiveCfg = Release|Any CPU
		{A597CBCF-768E-4204-BD66-17FA0FEB5CF5}.Release|Any CPU.Build.0 = Release|Any CPU
		{B719171D-AD8F-41A1-90D7-5E6013DBE685}.Debug|Any CPU.ActiveCfg = Debug|Any CPU
		{B719171D-AD8F-41A1-90D7-5E6013DBE685}.Debug|Any CPU.Build.0 = Debug|Any CPU
		{B719171D-AD8F-41A1-90D7-5E6013DBE685}.Release|Any CPU.ActiveCfg = Release|Any CPU
		{B719171D-AD8F-41A1-90D7-5E6013DBE685}.Release|Any CPU.Build.0 = Release|Any CPU
	EndGlobalSection
	GlobalSection(SolutionProperties) = preSolution
		HideSolutionNode = FALSE
	EndGlobalSection
	GlobalSection(ExtensibilityGlobals) = postSolution
		SolutionGuid = {03E926CE-E0DE-497B-9FF5-F5972ABB6963}
	EndGlobalSection
EndGlobal
